{
  "name": "google-extension",
  "version": "1.0.0",
  "lockfileVersion": 3,
  "requires": true,
  "packages": {
    "": {
      "name": "google-extension",
      "version": "1.0.0",
      "license": "ISC",
      "dependencies": {
        "bulma": "^1.0.2",
        "touch": "^3.1.1"
      }
    },
    "node_modules/bulma": {
      "version": "1.0.2",
      "resolved": "https://registry.npmjs.org/bulma/-/bulma-1.0.2.tgz",
      "integrity": "sha512-D7GnDuF6seb6HkcnRMM9E739QpEY9chDzzeFrHMyEns/EXyDJuQ0XA0KxbBl/B2NTsKSoDomW61jFGFaAxhK5A==",
      "license": "MIT"
    },
    "node_modules/touch": {
      "version": "3.1.1",
      "resolved": "https://registry.npmjs.org/touch/-/touch-3.1.1.tgz",
      "integrity": "sha512-r0eojU4bI8MnHr8c5bNo7lJDdI2qXlWWJk6a9EAFG7vbhTjElYhBVS3/miuE0uOuoLdb8Mc/rVfsmm6eo5o9GA==",
      "license": "ISC",
      "bin": {
        "nodetouch": "bin/nodetouch.js"
      }
    }
  }
}
